
Microsoft Visual Studio Solution File, Format Version 12.00
# Visual Studio Version 16
VisualStudioVersion = 16.0.29519.87
MinimumVisualStudioVersion = 10.0.40219.1
Project("{9A19103F-16F7-4668-BE54-9A1E7A4F7556}") = "Blazor.Server", "Blazor\Server\Blazor.Server.csproj", "{BC2C00BD-62F3-4DF8-862D-8403F97BCED2}"
EndProject
Project("{9A19103F-16F7-4668-BE54-9A1E7A4F7556}") = "Blazor.Client", "Blazor\Client\Blazor.Client.csproj", "{BCC8947F-18B0-47A7-9D7C-EC40F1934B92}"
EndProject
Project("{9A19103F-16F7-4668-BE54-9A1E7A4F7556}") = "Blazor.Shared", "Blazor\Shared\Blazor.Shared.csproj", "{F9311A38-8456-4949-A052-A21210D3FFEF}"
EndProject
Project("{FAE04EC0-301F-11D3-BF4B-00C04F79EFBC}") = "Blazor.Data", "Blazor.Data\Blazor.Data.csproj", "{A26EF946-F522-4907-A33C-16A86C06E2A6}"
EndProject
Global
	GlobalSection(SolutionConfigurationPlatforms) = preSolution
		Debug|Any CPU = Debug|Any CPU
		Release|Any CPU = Release|Any CPU
	EndGlobalSection
	GlobalSection(ProjectConfigurationPlatforms) = postSolution
		{BC2C00BD-62F3-4DF8-862D-8403F97BCED2}.Debug|Any CPU.ActiveCfg = Debug|Any CPU
		{BC2C00BD-62F3-4DF8-862D-8403F97BCED2}.Debug|Any CPU.Build.0 = Debug|Any CPU
		{BC2C00BD-62F3-4DF8-862D-8403F97BCED2}.Release|Any CPU.ActiveCfg = Release|Any CPU
		{BC2C00BD-62F3-4DF8-862D-8403F97BCED2}.Release|Any CPU.Build.0 = Release|Any CPU
		{BCC8947F-18B0-47A7-9D7C-EC40F1934B92}.Debug|Any CPU.ActiveCfg = Debug|Any CPU
		{BCC8947F-18B0-47A7-9D7C-EC40F1934B92}.Debug|Any CPU.Build.0 = Debug|Any CPU
		{BCC8947F-18B0-47A7-9D7C-EC40F1934B92}.Release|Any CPU.ActiveCfg = Release|Any CPU
		{BCC8947F-18B0-47A7-9D7C-EC40F1934B92}.Release|Any CPU.Build.0 = Release|Any CPU
		{F9311A38-8456-4949-A052-A21210D3FFEF}.Debug|Any CPU.ActiveCfg = Debug|Any CPU
		{F9311A38-8456-4949-A052-A21210D3FFEF}.Debug|Any CPU.Build.0 = Debug|Any CPU
		{F9311A38-8456-4949-A052-A21210D3FFEF}.Release|Any CPU.ActiveCfg = Release|Any CPU
		{F9311A38-8456-4949-A052-A21210D3FFEF}.Release|Any CPU.Build.0 = Release|Any CPU
		{A26EF946-F522-4907-A33C-16A86C06E2A6}.Debug|Any CPU.ActiveCfg = Debug|Any CPU
		{A26EF946-F522-4907-A33C-16A86C06E2A6}.Debug|Any CPU.Build.0 = Debug|Any CPU
		{A26EF946-F522-4907-A33C-16A86C06E2A6}.Release|Any CPU.ActiveCfg = Release|Any CPU
		{A26EF946-F522-4907-A33C-16A86C06E2A6}.Release|Any CPU.Build.0 = Release|Any CPU
	EndGlobalSection
	GlobalSection(SolutionProperties) = preSolution
		HideSolutionNode = FALSE
	EndGlobalSection
	GlobalSection(ExtensibilityGlobals) = postSolution
		SolutionGuid = {4217C521-1A37-4EB8-BC53-851E66B9D69D}
	EndGlobalSection
EndGlobal
